# THIS IS AN AUTOGENERATED FILE. DO NOT EDIT THIS FILE DIRECTLY.
# yarn lockfile v1


casdoor-js-sdk@^0.5.0:
  version "0.5.0"
  resolved "https://registry.npmmirror.com/casdoor-js-sdk/-/casdoor-js-sdk-0.5.0.tgz#a2f3beee97f058767d86294288f2aab840d5466b"
  integrity sha512-iOqoJJcOV2Up3SEdd08/kxjxhW0aOq41bA9p2u+LW/HR6gB9/xVfg5SIi6ajC4px75+zXEd+48bkzYjfOwddnw==
